// !$*UTF8*$!
{
	archiveVersion = 1;
	classes = {
	};
	objectVersion = 46;
	objects = {

/* Begin PBXBuildFile section */
		0D5637DF1CB9124700BB23F4 /* AppDelegate.m in Sources */ = {isa = PBXBuildFile; fileRef = 0D5637DE1CB9124700BB23F4 /* AppDelegate.m */; };
		0D5637E21CB9128A00BB23F4 /* DGTabBarController.m in Sources */ = {isa = PBXBuildFile; fileRef = 0D5637E11CB9128A00BB23F4 /* DGTabBarController.m */; };
		0D5638621CB914BB00BB23F4 /* NSString+Hash.m in Sources */ = {isa = PBXBuildFile; fileRef = 0D56385D1CB914BB00BB23F4 /* NSString+Hash.m */; };
		0D5638631CB914BB00BB23F4 /* UIBarButtonItem+HKExtension.m in Sources */ = {isa = PBXBuildFile; fileRef = 0D56385F1CB914BB00BB23F4 /* UIBarButtonItem+HKExtension.m */; };
		0D5638641CB914BB00BB23F4 /* UIView+HKExtension.m in Sources */ = {isa = PBXBuildFile; fileRef = 0D5638611CB914BB00BB23F4 /* UIView+HKExtension.m */; };
		0D56386F1CB914F100BB23F4 /* DanmuSock.m in Sources */ = {isa = PBXBuildFile; fileRef = 0D5638671CB914F100BB23F4 /* DanmuSock.m */; };
		0D5638701CB914F100BB23F4 /* DGSocks.m in Sources */ = {isa = PBXBuildFile; fileRef = 0D5638691CB914F100BB23F4 /* DGSocks.m */; };
		0D5638711CB914F100BB23F4 /* BarrageModel.m in Sources */ = {isa = PBXBuildFile; fileRef = 0D56386C1CB914F100BB23F4 /* BarrageModel.m */; };
		0D5638721CB914F100BB23F4 /* chatmsgModel.m in Sources */ = {isa = PBXBuildFile; fileRef = 0D56386E1CB914F100BB23F4 /* chatmsgModel.m */; };
		0D56389D1CB9152F00BB23F4 /* DGFocusController.m in Sources */ = {isa = PBXBuildFile; fileRef = 0D5638771CB9152F00BB23F4 /* DGFocusController.m */; };
		0D56389E1CB9152F00BB23F4 /* DGFocusController.xib in Resources */ = {isa = PBXBuildFile; fileRef = 0D5638781CB9152F00BB23F4 /* DGFocusController.xib */; };
		0D56389F1CB9152F00BB23F4 /* DGentertainController.m in Sources */ = {isa = PBXBuildFile; fileRef = 0D56387E1CB9152F00BB23F4 /* DGentertainController.m */; };
		0D5638A01CB9152F00BB23F4 /* DGgameController.m in Sources */ = {isa = PBXBuildFile; fileRef = 0D5638801CB9152F00BB23F4 /* DGgameController.m */; };
		0D5638A11CB9152F00BB23F4 /* DGHomeController.m in Sources */ = {isa = PBXBuildFile; fileRef = 0D5638821CB9152F00BB23F4 /* DGHomeController.m */; };
		0D5638A21CB9152F00BB23F4 /* DGrecommendViewController.m in Sources */ = {isa = PBXBuildFile; fileRef = 0D5638841CB9152F00BB23F4 /* DGrecommendViewController.m */; };
		0D5638A41CB9152F00BB23F4 /* DGHomeRoundCell.m in Sources */ = {isa = PBXBuildFile; fileRef = 0D56388A1CB9152F00BB23F4 /* DGHomeRoundCell.m */; };
		0D5638A61CB9152F00BB23F4 /* DGHomeSquareCell.m in Sources */ = {isa = PBXBuildFile; fileRef = 0D56388D1CB9152F00BB23F4 /* DGHomeSquareCell.m */; };
		0D5638A81CB9152F00BB23F4 /* DGLiveController.m in Sources */ = {isa = PBXBuildFile; fileRef = 0D5638921CB9152F00BB23F4 /* DGLiveController.m */; };
		0D5638A91CB9152F00BB23F4 /* DGLiveController.xib in Resources */ = {isa = PBXBuildFile; fileRef = 0D5638931CB9152F00BB23F4 /* DGLiveController.xib */; };
		0D5638AA1CB9152F00BB23F4 /* DGMeController.m in Sources */ = {isa = PBXBuildFile; fileRef = 0D5638991CB9152F00BB23F4 /* DGMeController.m */; };
		0D5638AB1CB9152F00BB23F4 /* DGMeController.xib in Resources */ = {isa = PBXBuildFile; fileRef = 0D56389A1CB9152F00BB23F4 /* DGMeController.xib */; };
		0D8B15D61CBBDE06001D9AD5 /* DGHomeRoundModel.m in Sources */ = {isa = PBXBuildFile; fileRef = 0D8B15D51CBBDE06001D9AD5 /* DGHomeRoundModel.m */; };
		0D8B15D91CBDC2F6001D9AD5 /* DGRoundView.m in Sources */ = {isa = PBXBuildFile; fileRef = 0D8B15D81CBDC2F6001D9AD5 /* DGRoundView.m */; };
		0D8B15DB1CBDC312001D9AD5 /* DGRoundView.xib in Resources */ = {isa = PBXBuildFile; fileRef = 0D8B15DA1CBDC312001D9AD5 /* DGRoundView.xib */; };
		0D8B15E41CBE2900001D9AD5 /* DGHeadItemModel.m in Sources */ = {isa = PBXBuildFile; fileRef = 0D8B15E31CBE2900001D9AD5 /* DGHeadItemModel.m */; };
		0D8B15E71CBE2A3D001D9AD5 /* DGHeadRoomModel.m in Sources */ = {isa = PBXBuildFile; fileRef = 0D8B15E61CBE2A3D001D9AD5 /* DGHeadRoomModel.m */; };
		0D8B15EB1CBE3B0A001D9AD5 /* DGHomeLiveViewCell.m in Sources */ = {isa = PBXBuildFile; fileRef = 0D8B15E91CBE3B0A001D9AD5 /* DGHomeLiveViewCell.m */; };
		0D9AC4301CBF8F220080624F /* DGHomeSquareItemModel.m in Sources */ = {isa = PBXBuildFile; fileRef = 0D9AC42F1CBF8F220080624F /* DGHomeSquareItemModel.m */; };
		0D9AC4331CBF8FBD0080624F /* DGHomeSquareRoomModel.m in Sources */ = {isa = PBXBuildFile; fileRef = 0D9AC4321CBF8FBD0080624F /* DGHomeSquareRoomModel.m */; };
		0D9AC4361CBF9AF30080624F /* DGHomeRoundItemModel.m in Sources */ = {isa = PBXBuildFile; fileRef = 0D9AC4351CBF9AF30080624F /* DGHomeRoundItemModel.m */; };
		0D9AC4451CC0EA520080624F /* DGSectionHeadView.m in Sources */ = {isa = PBXBuildFile; fileRef = 0D9AC4441CC0EA520080624F /* DGSectionHeadView.m */; };
		0D9AC4471CC0FDFC0080624F /* DGSectionHeadView.xib in Resources */ = {isa = PBXBuildFile; fileRef = 0D9AC4461CC0FDFC0080624F /* DGSectionHeadView.xib */; };
		0D9AC4511CC228C10080624F /* DGWonderfulController.m in Sources */ = {isa = PBXBuildFile; fileRef = 0D9AC4501CC228C10080624F /* DGWonderfulController.m */; };
		0D9AC4541CC239C00080624F /* DGWonderFulModel.m in Sources */ = {isa = PBXBuildFile; fileRef = 0D9AC4531CC239C00080624F /* DGWonderFulModel.m */; };
		0D9AC4571CC3A37B0080624F /* DGWonderfulCell.m in Sources */ = {isa = PBXBuildFile; fileRef = 0D9AC4561CC3A37B0080624F /* DGWonderfulCell.m */; };
		0D9AC45C1CC4E7130080624F /* DGHomeGameCell.m in Sources */ = {isa = PBXBuildFile; fileRef = 0D9AC45B1CC4E7130080624F /* DGHomeGameCell.m */; };
		0D9AC45F1CC4E9CE0080624F /* DGHomeGameViewCell.m in Sources */ = {isa = PBXBuildFile; fileRef = 0D9AC45E1CC4E9CE0080624F /* DGHomeGameViewCell.m */; };
		0DED9CAA1CB5C989002EA021 /* main.m in Sources */ = {isa = PBXBuildFile; fileRef = 0DED9CA91CB5C989002EA021 /* main.m */; };
		0DED9CB31CB5C989002EA021 /* Main.storyboard in Resources */ = {isa = PBXBuildFile; fileRef = 0DED9CB11CB5C989002EA021 /* Main.storyboard */; };
		0DED9CB51CB5C989002EA021 /* Assets.xcassets in Resources */ = {isa = PBXBuildFile; fileRef = 0DED9CB41CB5C989002EA021 /* Assets.xcassets */; };
		0DED9CB81CB5C989002EA021 /* LaunchScreen.storyboard in Resources */ = {isa = PBXBuildFile; fileRef = 0DED9CB61CB5C989002EA021 /* LaunchScreen.storyboard */; };
		0DED9CC31CB5C989002EA021 /* DGCarsTests.m in Sources */ = {isa = PBXBuildFile; fileRef = 0DED9CC21CB5C989002EA021 /* DGCarsTests.m */; };
		0DED9CCE1CB5C989002EA021 /* DGCarsUITests.m in Sources */ = {isa = PBXBuildFile; fileRef = 0DED9CCD1CB5C989002EA021 /* DGCarsUITests.m */; };
		B0FB4E6BEBA69C48588A55C8 /* libPods-DGCars.a in Frameworks */ = {isa = PBXBuildFile; fileRef = 867D7D0685C5B9A1E11E8D29 /* libPods-DGCars.a */; };
/* End PBXBuildFile section */

/* Begin PBXContainerItemProxy section */
		0DED9CBF1CB5C989002EA021 /* PBXContainerItemProxy */ = {
			isa = PBXContainerItemProxy;
			containerPortal = 0DED9C9D1CB5C989002EA021 /* Project object */;
			proxyType = 1;
			remoteGlobalIDString = 0DED9CA41CB5C989002EA021;
			remoteInfo = DGCars;
		};
		0DED9CCA1CB5C989002EA021 /* PBXContainerItemProxy */ = {
			isa = PBXContainerItemProxy;
			containerPortal = 0DED9C9D1CB5C989002EA021 /* Project object */;
			proxyType = 1;
			remoteGlobalIDString = 0DED9CA41CB5C989002EA021;
			remoteInfo = DGCars;
		};
/* End PBXContainerItemProxy section */

/* Begin PBXFileReference section */
		0D5637DD1CB9124700BB23F4 /* AppDelegate.h */ = {isa = PBXFileReference; fileEncoding = 4; lastKnownFileType = sourcecode.c.h; path = AppDelegate.h; sourceTree = "<group>"; };
		0D5637DE1CB9124700BB23F4 /* AppDelegate.m */ = {isa = PBXFileReference; fileEncoding = 4; lastKnownFileType = sourcecode.c.objc; path = AppDelegate.m; sourceTree = "<group>"; };
		0D5637E01CB9128A00BB23F4 /* DGTabBarController.h */ = {isa = PBXFileReference; fileEncoding = 4; lastKnownFileType = sourcecode.c.h; path = DGTabBarController.h; sourceTree = "<group>"; };
		0D5637E11CB9128A00BB23F4 /* DGTabBarController.m */ = {isa = PBXFileReference; fileEncoding = 4; lastKnownFileType = sourcecode.c.objc; path = DGTabBarController.m; sourceTree = "<group>"; };
		0D56385B1CB914BB00BB23F4 /* Header.h */ = {isa = PBXFileReference; fileEncoding = 4; lastKnownFileType = sourcecode.c.h; path = Header.h; sourceTree = "<group>"; };
		0D56385C1CB914BB00BB23F4 /* NSString+Hash.h */ = {isa = PBXFileReference; fileEncoding = 4; lastKnownFileType = sourcecode.c.h; path = "NSString+Hash.h"; sourceTree = "<group>"; };
		0D56385D1CB914BB00BB23F4 /* NSString+Hash.m */ = {isa = PBXFileReference; fileEncoding = 4; lastKnownFileType = sourcecode.c.objc; path = "NSString+Hash.m"; sourceTree = "<group>"; };
		0D56385E1CB914BB00BB23F4 /* UIBarButtonItem+HKExtension.h */ = {isa = PBXFileReference; fileEncoding = 4; lastKnownFileType = sourcecode.c.h; path = "UIBarButtonItem+HKExtension.h"; sourceTree = "<group>"; };
		0D56385F1CB914BB00BB23F4 /* UIBarButtonItem+HKExtension.m */ = {isa = PBXFileReference; fileEncoding = 4; lastKnownFileType = sourcecode.c.objc; path = "UIBarButtonItem+HKExtension.m"; sourceTree = "<group>"; };
		0D5638601CB914BB00BB23F4 /* UIView+HKExtension.h */ = {isa = PBXFileReference; fileEncoding = 4; lastKnownFileType = sourcecode.c.h; path = "UIView+HKExtension.h"; sourceTree = "<group>"; };
		0D5638611CB914BB00BB23F4 /* UIView+HKExtension.m */ = {isa = PBXFileReference; fileEncoding = 4; lastKnownFileType = sourcecode.c.objc; path = "UIView+HKExtension.m"; sourceTree = "<group>"; };
		0D5638661CB914F100BB23F4 /* DanmuSock.h */ = {isa = PBXFileReference; fileEncoding = 4; lastKnownFileType = sourcecode.c.h; path = DanmuSock.h; sourceTree = "<group>"; };
		0D5638671CB914F100BB23F4 /* DanmuSock.m */ = {isa = PBXFileReference; fileEncoding = 4; lastKnownFileType = sourcecode.c.objc; path = DanmuSock.m; sourceTree = "<group>"; };
		0D5638681CB914F100BB23F4 /* DGSocks.h */ = {isa = PBXFileReference; fileEncoding = 4; lastKnownFileType = sourcecode.c.h; path = DGSocks.h; sourceTree = "<group>"; };
		0D5638691CB914F100BB23F4 /* DGSocks.m */ = {isa = PBXFileReference; fileEncoding = 4; lastKnownFileType = sourcecode.c.objc; path = DGSocks.m; sourceTree = "<group>"; };
		0D56386B1CB914F100BB23F4 /* BarrageModel.h */ = {isa = PBXFileReference; fileEncoding = 4; lastKnownFileType = sourcecode.c.h; path = BarrageModel.h; sourceTree = "<group>"; };
		0D56386C1CB914F100BB23F4 /* BarrageModel.m */ = {isa = PBXFileReference; fileEncoding = 4; lastKnownFileType = sourcecode.c.objc; path = BarrageModel.m; sourceTree = "<group>"; };
		0D56386D1CB914F100BB23F4 /* chatmsgModel.h */ = {isa = PBXFileReference; fileEncoding = 4; lastKnownFileType = sourcecode.c.h; path = chatmsgModel.h; sourceTree = "<group>"; };
		0D56386E1CB914F100BB23F4 /* chatmsgModel.m */ = {isa = PBXFileReference; fileEncoding = 4; lastKnownFileType = sourcecode.c.objc; path = chatmsgModel.m; sourceTree = "<group>"; };
		0D5638761CB9152F00BB23F4 /* DGFocusController.h */ = {isa = PBXFileReference; fileEncoding = 4; lastKnownFileType = sourcecode.c.h; path = DGFocusController.h; sourceTree = "<group>"; };
		0D5638771CB9152F00BB23F4 /* DGFocusController.m */ = {isa = PBXFileReference; fileEncoding = 4; lastKnownFileType = sourcecode.c.objc; path = DGFocusController.m; sourceTree = "<group>"; };
		0D5638781CB9152F00BB23F4 /* DGFocusController.xib */ = {isa = PBXFileReference; fileEncoding = 4; lastKnownFileType = file.xib; path = DGFocusController.xib; sourceTree = "<group>"; };
		0D56387D1CB9152F00BB23F4 /* DGentertainController.h */ = {isa = PBXFileReference; fileEncoding = 4; lastKnownFileType = sourcecode.c.h; path = DGentertainController.h; sourceTree = "<group>"; };
		0D56387E1CB9152F00BB23F4 /* DGentertainController.m */ = {isa = PBXFileReference; fileEncoding = 4; lastKnownFileType = sourcecode.c.objc; path = DGentertainController.m; sourceTree = "<group>"; };
		0D56387F1CB9152F00BB23F4 /* DGgameController.h */ = {isa = PBXFileReference; fileEncoding = 4; lastKnownFileType = sourcecode.c.h; path = DGgameController.h; sourceTree = "<group>"; };
		0D5638801CB9152F00BB23F4 /* DGgameController.m */ = {isa = PBXFileReference; fileEncoding = 4; lastKnownFileType = sourcecode.c.objc; path = DGgameController.m; sourceTree = "<group>"; };
		0D5638811CB9152F00BB23F4 /* DGHomeController.h */ = {isa = PBXFileReference; fileEncoding = 4; lastKnownFileType = sourcecode.c.h; path = DGHomeController.h; sourceTree = "<group>"; };
		0D5638821CB9152F00BB23F4 /* DGHomeController.m */ = {isa = PBXFileReference; fileEncoding = 4; lastKnownFileType = sourcecode.c.objc; path = DGHomeController.m; sourceTree = "<group>"; };
		0D5638831CB9152F00BB23F4 /* DGrecommendViewController.h */ = {isa = PBXFileReference; fileEncoding = 4; lastKnownFileType = sourcecode.c.h; path = DGrecommendViewController.h; sourceTree = "<group>"; };
		0D5638841CB9152F00BB23F4 /* DGrecommendViewController.m */ = {isa = PBXFileReference; fileEncoding = 4; lastKnownFileType = sourcecode.c.objc; path = DGrecommendViewController.m; sourceTree = "<group>"; };
		0D5638891CB9152F00BB23F4 /* DGHomeRoundCell.h */ = {isa = PBXFileReference; fileEncoding = 4; lastKnownFileType = sourcecode.c.h; path = DGHomeRoundCell.h; sourceTree = "<group>"; };
		0D56388A1CB9152F00BB23F4 /* DGHomeRoundCell.m */ = {isa = PBXFileReference; fileEncoding = 4; lastKnownFileType = sourcecode.c.objc; path = DGHomeRoundCell.m; sourceTree = "<group>"; };
		0D56388C1CB9152F00BB23F4 /* DGHomeSquareCell.h */ = {isa = PBXFileReference; fileEncoding = 4; lastKnownFileType = sourcecode.c.h; path = DGHomeSquareCell.h; sourceTree = "<group>"; };
		0D56388D1CB9152F00BB23F4 /* DGHomeSquareCell.m */ = {isa = PBXFileReference; fileEncoding = 4; lastKnownFileType = sourcecode.c.objc; path = DGHomeSquareCell.m; sourceTree = "<group>"; };
		0D5638911CB9152F00BB23F4 /* DGLiveController.h */ = {isa = PBXFileReference; fileEncoding = 4; lastKnownFileType = sourcecode.c.h; path = DGLiveController.h; sourceTree = "<group>"; };
		0D5638921CB9152F00BB23F4 /* DGLiveController.m */ = {isa = PBXFileReference; fileEncoding = 4; lastKnownFileType = sourcecode.c.objc; path = DGLiveController.m; sourceTree = "<group>"; };
		0D5638931CB9152F00BB23F4 /* DGLiveController.xib */ = {isa = PBXFileReference; fileEncoding = 4; lastKnownFileType = file.xib; path = DGLiveController.xib; sourceTree = "<group>"; };
		0D5638981CB9152F00BB23F4 /* DGMeController.h */ = {isa = PBXFileReference; fileEncoding = 4; lastKnownFileType = sourcecode.c.h; path = DGMeController.h; sourceTree = "<group>"; };
		0D5638991CB9152F00BB23F4 /* DGMeController.m */ = {isa = PBXFileReference; fileEncoding = 4; lastKnownFileType = sourcecode.c.objc; path = DGMeController.m; sourceTree = "<group>"; };
		0D56389A1CB9152F00BB23F4 /* DGMeController.xib */ = {isa = PBXFileReference; fileEncoding = 4; lastKnownFileType = file.xib; path = DGMeController.xib; sourceTree = "<group>"; };
		0D8B15D41CBBDE06001D9AD5 /* DGHomeRoundModel.h */ = {isa = PBXFileReference; fileEncoding = 4; lastKnownFileType = sourcecode.c.h; path = DGHomeRoundModel.h; sourceTree = "<group>"; };
		0D8B15D51CBBDE06001D9AD5 /* DGHomeRoundModel.m */ = {isa = PBXFileReference; fileEncoding = 4; lastKnownFileType = sourcecode.c.objc; path = DGHomeRoundModel.m; sourceTree = "<group>"; };
		0D8B15D71CBDC2F6001D9AD5 /* DGRoundView.h */ = {isa = PBXFileReference; fileEncoding = 4; lastKnownFileType = sourcecode.c.h; path = DGRoundView.h; sourceTree = "<group>"; };
		0D8B15D81CBDC2F6001D9AD5 /* DGRoundView.m */ = {isa = PBXFileReference; fileEncoding = 4; lastKnownFileType = sourcecode.c.objc; path = DGRoundView.m; sourceTree = "<group>"; };
		0D8B15DA1CBDC312001D9AD5 /* DGRoundView.xib */ = {isa = PBXFileReference; fileEncoding = 4; lastKnownFileType = file.xib; path = DGRoundView.xib; sourceTree = "<group>"; };
		0D8B15DC1CBDCB78001D9AD5 /* PrefixHeader.pch */ = {isa = PBXFileReference; lastKnownFileType = sourcecode.c.h; path = PrefixHeader.pch; sourceTree = "<group>"; };
		0D8B15E21CBE2900001D9AD5 /* DGHeadItemModel.h */ = {isa = PBXFileReference; fileEncoding = 4; lastKnownFileType = sourcecode.c.h; path = DGHeadItemModel.h; sourceTree = "<group>"; };
		0D8B15E31CBE2900001D9AD5 /* DGHeadItemModel.m */ = {isa = PBXFileReference; fileEncoding = 4; lastKnownFileType = sourcecode.c.objc; path = DGHeadItemModel.m; sourceTree = "<group>"; };
		0D8B15E51CBE2A3D001D9AD5 /* DGHeadRoomModel.h */ = {isa = PBXFileReference; fileEncoding = 4; lastKnownFileType = sourcecode.c.h; path = DGHeadRoomModel.h; sourceTree = "<group>"; };
		0D8B15E61CBE2A3D001D9AD5 /* DGHeadRoomModel.m */ = {isa = PBXFileReference; fileEncoding = 4; lastKnownFileType = sourcecode.c.objc; path = DGHeadRoomModel.m; sourceTree = "<group>"; };
		0D8B15E81CBE3B0A001D9AD5 /* DGHomeLiveViewCell.h */ = {isa = PBXFileReference; fileEncoding = 4; lastKnownFileType = sourcecode.c.h; path = DGHomeLiveViewCell.h; sourceTree = "<group>"; };
		0D8B15E91CBE3B0A001D9AD5 /* DGHomeLiveViewCell.m */ = {isa = PBXFileReference; fileEncoding = 4; lastKnownFileType = sourcecode.c.objc; path = DGHomeLiveViewCell.m; sourceTree = "<group>"; };
		0D9AC42E1CBF8F220080624F /* DGHomeSquareItemModel.h */ = {isa = PBXFileReference; fileEncoding = 4; lastKnownFileType = sourcecode.c.h; path = DGHomeSquareItemModel.h; sourceTree = "<group>"; };
		0D9AC42F1CBF8F220080624F /* DGHomeSquareItemModel.m */ = {isa = PBXFileReference; fileEncoding = 4; lastKnownFileType = sourcecode.c.objc; path = DGHomeSquareItemModel.m; sourceTree = "<group>"; };
		0D9AC4311CBF8FBD0080624F /* DGHomeSquareRoomModel.h */ = {isa = PBXFileReference; fileEncoding = 4; lastKnownFileType = sourcecode.c.h; path = DGHomeSquareRoomModel.h; sourceTree = "<group>"; };
		0D9AC4321CBF8FBD0080624F /* DGHomeSquareRoomModel.m */ = {isa = PBXFileReference; fileEncoding = 4; lastKnownFileType = sourcecode.c.objc; path = DGHomeSquareRoomModel.m; sourceTree = "<group>"; };
		0D9AC4341CBF9AF30080624F /* DGHomeRoundItemModel.h */ = {isa = PBXFileReference; fileEncoding = 4; lastKnownFileType = sourcecode.c.h; path = DGHomeRoundItemModel.h; sourceTree = "<group>"; };
		0D9AC4351CBF9AF30080624F /* DGHomeRoundItemModel.m */ = {isa = PBXFileReference; fileEncoding = 4; lastKnownFileType = sourcecode.c.objc; path = DGHomeRoundItemModel.m; sourceTree = "<group>"; };
		0D9AC4431CC0EA520080624F /* DGSectionHeadView.h */ = {isa = PBXFileReference; fileEncoding = 4; lastKnownFileType = sourcecode.c.h; path = DGSectionHeadView.h; sourceTree = "<group>"; };
		0D9AC4441CC0EA520080624F /* DGSectionHeadView.m */ = {isa = PBXFileReference; fileEncoding = 4; lastKnownFileType = sourcecode.c.objc; path = DGSectionHeadView.m; sourceTree = "<group>"; };
		0D9AC4461CC0FDFC0080624F /* DGSectionHeadView.xib */ = {isa = PBXFileReference; fileEncoding = 4; lastKnownFileType = file.xib; path = DGSectionHeadView.xib; sourceTree = "<group>"; };
		0D9AC44F1CC228C10080624F /* DGWonderfulController.h */ = {isa = PBXFileReference; fileEncoding = 4; lastKnownFileType = sourcecode.c.h; path = DGWonderfulController.h; sourceTree = "<group>"; };
		0D9AC4501CC228C10080624F /* DGWonderfulController.m */ = {isa = PBXFileReference; fileEncoding = 4; lastKnownFileType = sourcecode.c.objc; path = DGWonderfulController.m; sourceTree = "<group>"; };
		0D9AC4521CC239C00080624F /* DGWonderFulModel.h */ = {isa = PBXFileReference; fileEncoding = 4; lastKnownFileType = sourcecode.c.h; path = DGWonderFulModel.h; sourceTree = "<group>"; };
		0D9AC4531CC239C00080624F /* DGWonderFulModel.m */ = {isa = PBXFileReference; fileEncoding = 4; lastKnownFileType = sourcecode.c.objc; path = DGWonderFulModel.m; sourceTree = "<group>"; };
		0D9AC4551CC3A37B0080624F /* DGWonderfulCell.h */ = {isa = PBXFileReference; fileEncoding = 4; lastKnownFileType = sourcecode.c.h; path = DGWonderfulCell.h; sourceTree = "<group>"; };
		0D9AC4561CC3A37B0080624F /* DGWonderfulCell.m */ = {isa = PBXFileReference; fileEncoding = 4; lastKnownFileType = sourcecode.c.objc; path = DGWonderfulCell.m; sourceTree = "<group>"; };
		0D9AC45A1CC4E7130080624F /* DGHomeGameCell.h */ = {isa = PBXFileReference; fileEncoding = 4; lastKnownFileType = sourcecode.c.h; path = DGHomeGameCell.h; sourceTree = "<group>"; };
		0D9AC45B1CC4E7130080624F /* DGHomeGameCell.m */ = {isa = PBXFileReference; fileEncoding = 4; lastKnownFileType = sourcecode.c.objc; path = DGHomeGameCell.m; sourceTree = "<group>"; };
		0D9AC45D1CC4E9CE0080624F /* DGHomeGameViewCell.h */ = {isa = PBXFileReference; fileEncoding = 4; lastKnownFileType = sourcecode.c.h; path = DGHomeGameViewCell.h; sourceTree = "<group>"; };
		0D9AC45E1CC4E9CE0080624F /* DGHomeGameViewCell.m */ = {isa = PBXFileReference; fileEncoding = 4; lastKnownFileType = sourcecode.c.objc; path = DGHomeGameViewCell.m; sourceTree = "<group>"; };
		0DED9CA51CB5C989002EA021 /* DGCars.app */ = {isa = PBXFileReference; explicitFileType = wrapper.application; includeInIndex = 0; path = DGCars.app; sourceTree = BUILT_PRODUCTS_DIR; };
		0DED9CA91CB5C989002EA021 /* main.m */ = {isa = PBXFileReference; lastKnownFileType = sourcecode.c.objc; path = main.m; sourceTree = "<group>"; };
		0DED9CB21CB5C989002EA021 /* Base */ = {isa = PBXFileReference; lastKnownFileType = file.storyboard; name = Base; path = Base.lproj/Main.storyboard; sourceTree = "<group>"; };
		0DED9CB41CB5C989002EA021 /* Assets.xcassets */ = {isa = PBXFileReference; lastKnownFileType = folder.assetcatalog; path = Assets.xcassets; sourceTree = "<group>"; };
		0DED9CB71CB5C989002EA021 /* Base */ = {isa = PBXFileReference; lastKnownFileType = file.storyboard; name = Base; path = Base.lproj/LaunchScreen.storyboard; sourceTree = "<group>"; };
		0DED9CB91CB5C989002EA021 /* Info.plist */ = {isa = PBXFileReference; lastKnownFileType = text.plist.xml; path = Info.plist; sourceTree = "<group>"; };
		0DED9CBE1CB5C989002EA021 /* DGCarsTests.xctest */ = {isa = PBXFileReference; explicitFileType = wrapper.cfbundle; includeInIndex = 0; path = DGCarsTests.xctest; sourceTree = BUILT_PRODUCTS_DIR; };
		0DED9CC21CB5C989002EA021 /* DGCarsTests.m */ = {isa = PBXFileReference; lastKnownFileType = sourcecode.c.objc; path = DGCarsTests.m; sourceTree = "<group>"; };
		0DED9CC41CB5C989002EA021 /* Info.plist */ = {isa = PBXFileReference; lastKnownFileType = text.plist.xml; path = Info.plist; sourceTree = "<group>"; };
		0DED9CC91CB5C989002EA021 /* DGCarsUITests.xctest */ = {isa = PBXFileReference; explicitFileType = wrapper.cfbundle; includeInIndex = 0; path = DGCarsUITests.xctest; sourceTree = BUILT_PRODUCTS_DIR; };
		0DED9CCD1CB5C989002EA021 /* DGCarsUITests.m */ = {isa = PBXFileReference; lastKnownFileType = sourcecode.c.objc; path = DGCarsUITests.m; sourceTree = "<group>"; };
		0DED9CCF1CB5C989002EA021 /* Info.plist */ = {isa = PBXFileReference; lastKnownFileType = text.plist.xml; path = Info.plist; sourceTree = "<group>"; };
		2959423F70D0EAE654EA977F /* Pods-DGCars.release.xcconfig */ = {isa = PBXFileReference; includeInIndex = 1; lastKnownFileType = text.xcconfig; name = "Pods-DGCars.release.xcconfig"; path = "Pods/Target Support Files/Pods-DGCars/Pods-DGCars.release.xcconfig"; sourceTree = "<group>"; };
		81FE6B90CBF42E80BC3F0316 /* Pods-DGCars.debug.xcconfig */ = {isa = PBXFileReference; includeInIndex = 1; lastKnownFileType = text.xcconfig; name = "Pods-DGCars.debug.xcconfig"; path = "Pods/Target Support Files/Pods-DGCars/Pods-DGCars.debug.xcconfig"; sourceTree = "<group>"; };
		867D7D0685C5B9A1E11E8D29 /* libPods-DGCars.a */ = {isa = PBXFileReference; explicitFileType = archive.ar; includeInIndex = 0; path = "libPods-DGCars.a"; sourceTree = BUILT_PRODUCTS_DIR; };
/* End PBXFileReference section */

/* Begin PBXFrameworksBuildPhase section */
		0DED9CA21CB5C989002EA021 /* Frameworks */ = {
			isa = PBXFrameworksBuildPhase;
			buildActionMask = 2147483647;
			files = (
				B0FB4E6BEBA69C48588A55C8 /* libPods-DGCars.a in Frameworks */,
			);
			runOnlyForDeploymentPostprocessing = 0;
		};
		0DED9CBB1CB5C989002EA021 /* Frameworks */ = {
			isa = PBXFrameworksBuildPhase;
			buildActionMask = 2147483647;
			files = (
			);
			runOnlyForDeploymentPostprocessing = 0;
		};
		0DED9CC61CB5C989002EA021 /* Frameworks */ = {
			isa = PBXFrameworksBuildPhase;
			buildActionMask = 2147483647;
			files = (
			);
			runOnlyForDeploymentPostprocessing = 0;
		};
/* End PBXFrameworksBuildPhase section */

/* Begin PBXGroup section */
		0D56385A1CB914BB00BB23F4 /* Extension */ = {
			isa = PBXGroup;
			children = (
				0D56385B1CB914BB00BB23F4 /* Header.h */,
				0D56385C1CB914BB00BB23F4 /* NSString+Hash.h */,
				0D56385D1CB914BB00BB23F4 /* NSString+Hash.m */,
				0D56385E1CB914BB00BB23F4 /* UIBarButtonItem+HKExtension.h */,
				0D56385F1CB914BB00BB23F4 /* UIBarButtonItem+HKExtension.m */,
				0D5638601CB914BB00BB23F4 /* UIView+HKExtension.h */,
				0D5638611CB914BB00BB23F4 /* UIView+HKExtension.m */,
			);
			path = Extension;
			sourceTree = "<group>";
		};
		0D5638651CB914F100BB23F4 /* DGSockets */ = {
			isa = PBXGroup;
			children = (
				0D5638661CB914F100BB23F4 /* DanmuSock.h */,
				0D5638671CB914F100BB23F4 /* DanmuSock.m */,
				0D5638681CB914F100BB23F4 /* DGSocks.h */,
				0D5638691CB914F100BB23F4 /* DGSocks.m */,
				0D56386A1CB914F100BB23F4 /* model */,
			);
			path = DGSockets;
			sourceTree = "<group>";
		};
		0D56386A1CB914F100BB23F4 /* model */ = {
			isa = PBXGroup;
			children = (
				0D56386B1CB914F100BB23F4 /* BarrageModel.h */,
				0D56386C1CB914F100BB23F4 /* BarrageModel.m */,
				0D56386D1CB914F100BB23F4 /* chatmsgModel.h */,
				0D56386E1CB914F100BB23F4 /* chatmsgModel.m */,
			);
			path = model;
			sourceTree = "<group>";
		};
		0D5638731CB9152F00BB23F4 /* Class */ = {
			isa = PBXGroup;
			children = (
				0D5638741CB9152F00BB23F4 /* Focus */,
				0D56387B1CB9152F00BB23F4 /* Home */,
				0D56388F1CB9152F00BB23F4 /* Live */,
				0D5638961CB9152F00BB23F4 /* Me */,
			);
			path = Class;
			sourceTree = "<group>";
		};
		0D5638741CB9152F00BB23F4 /* Focus */ = {
			isa = PBXGroup;
			children = (
				0D5638751CB9152F00BB23F4 /* controller */,
				0D5638791CB9152F00BB23F4 /* model */,
				0D56387A1CB9152F00BB23F4 /* view */,
			);
			path = Focus;
			sourceTree = "<group>";
		};
		0D5638751CB9152F00BB23F4 /* controller */ = {
			isa = PBXGroup;
			children = (
				0D5638761CB9152F00BB23F4 /* DGFocusController.h */,
				0D5638771CB9152F00BB23F4 /* DGFocusController.m */,
				0D5638781CB9152F00BB23F4 /* DGFocusController.xib */,
			);
			path = controller;
			sourceTree = "<group>";
		};
		0D5638791CB9152F00BB23F4 /* model */ = {
			isa = PBXGroup;
			children = (
			);
			path = model;
			sourceTree = "<group>";
		};
		0D56387A1CB9152F00BB23F4 /* view */ = {
			isa = PBXGroup;
			children = (
			);
			path = view;
			sourceTree = "<group>";
		};
		0D56387B1CB9152F00BB23F4 /* Home */ = {
			isa = PBXGroup;
			children = (
				0D56387C1CB9152F00BB23F4 /* controller */,
				0D5638871CB9152F00BB23F4 /* model */,
				0D5638881CB9152F00BB23F4 /* view */,
			);
			path = Home;
			sourceTree = "<group>";
		};
		0D56387C1CB9152F00BB23F4 /* controller */ = {
			isa = PBXGroup;
			children = (
				0D5638811CB9152F00BB23F4 /* DGHomeController.h */,
				0D5638821CB9152F00BB23F4 /* DGHomeController.m */,
				0D5638831CB9152F00BB23F4 /* DGrecommendViewController.h */,
				0D5638841CB9152F00BB23F4 /* DGrecommendViewController.m */,
				0D56387F1CB9152F00BB23F4 /* DGgameController.h */,
				0D5638801CB9152F00BB23F4 /* DGgameController.m */,
				0D56387D1CB9152F00BB23F4 /* DGentertainController.h */,
				0D56387E1CB9152F00BB23F4 /* DGentertainController.m */,
				0D9AC44F1CC228C10080624F /* DGWonderfulController.h */,
				0D9AC4501CC228C10080624F /* DGWonderfulController.m */,
			);
			path = controller;
			sourceTree = "<group>";
		};
		0D5638871CB9152F00BB23F4 /* model */ = {
			isa = PBXGroup;
			children = (
				0D9AC4391CC097B60080624F /* 首页头部轮播部分模型 */,
				0D9AC4371CBF9DE60080624F /* 首页圆形推荐部分模型 */,
				0D9AC4381CBF9E170080624F /* 首页方形推荐部分模型 */,
				0D9AC4581CC4E5BC0080624F /* 首页奇葩分页部分模型 */,
			);
			path = model;
			sourceTree = "<group>";
		};
		0D5638881CB9152F00BB23F4 /* view */ = {
			isa = PBXGroup;
			children = (
				0D9AC43A1CC0CCE10080624F /* 首页圆形推荐cell */,
				0D9AC43B1CC0CCF80080624F /* 首页方形推荐cell */,
				0D9AC43D1CC0CD8A0080624F /* 圆形cell子cell */,
				0D9AC43C1CC0CD640080624F /* 方形cell子cell */,
				0D9AC4481CC126D70080624F /* 方形分组栏View */,
				0D9AC4591CC4E5DF0080624F /* 奇葩分页cell */,
				0D9AC45A1CC4E7130080624F /* DGHomeGameCell.h */,
				0D9AC45B1CC4E7130080624F /* DGHomeGameCell.m */,
				0D9AC45D1CC4E9CE0080624F /* DGHomeGameViewCell.h */,
				0D9AC45E1CC4E9CE0080624F /* DGHomeGameViewCell.m */,
			);
			path = view;
			sourceTree = "<group>";
		};
		0D56388F1CB9152F00BB23F4 /* Live */ = {
			isa = PBXGroup;
			children = (
				0D5638901CB9152F00BB23F4 /* controller */,
				0D5638941CB9152F00BB23F4 /* model */,
				0D5638951CB9152F00BB23F4 /* view */,
			);
			path = Live;
			sourceTree = "<group>";
		};
		0D5638901CB9152F00BB23F4 /* controller */ = {
			isa = PBXGroup;
			children = (
				0D5638911CB9152F00BB23F4 /* DGLiveController.h */,
				0D5638921CB9152F00BB23F4 /* DGLiveController.m */,
				0D5638931CB9152F00BB23F4 /* DGLiveController.xib */,
			);
			path = controller;
			sourceTree = "<group>";
		};
		0D5638941CB9152F00BB23F4 /* model */ = {
			isa = PBXGroup;
			children = (
			);
			path = model;
			sourceTree = "<group>";
		};
		0D5638951CB9152F00BB23F4 /* view */ = {
			isa = PBXGroup;
			children = (
			);
			path = view;
			sourceTree = "<group>";
		};
		0D5638961CB9152F00BB23F4 /* Me */ = {
			isa = PBXGroup;
			children = (
				0D5638971CB9152F00BB23F4 /* controller */,
				0D56389B1CB9152F00BB23F4 /* model */,
				0D56389C1CB9152F00BB23F4 /* view */,
			);
			path = Me;
			sourceTree = "<group>";
		};
		0D5638971CB9152F00BB23F4 /* controller */ = {
			isa = PBXGroup;
			children = (
				0D5638981CB9152F00BB23F4 /* DGMeController.h */,
				0D5638991CB9152F00BB23F4 /* DGMeController.m */,
				0D56389A1CB9152F00BB23F4 /* DGMeController.xib */,
			);
			path = controller;
			sourceTree = "<group>";
		};
		0D56389B1CB9152F00BB23F4 /* model */ = {
			isa = PBXGroup;
			children = (
			);
			path = model;
			sourceTree = "<group>";
		};
		0D56389C1CB9152F00BB23F4 /* view */ = {
			isa = PBXGroup;
			children = (
			);
			path = view;
			sourceTree = "<group>";
		};
		0D5638AC1CB9154D00BB23F4 /* Other */ = {
			isa = PBXGroup;
			children = (
				0D5637DD1CB9124700BB23F4 /* AppDelegate.h */,
				0D5637DE1CB9124700BB23F4 /* AppDelegate.m */,
				0D5637E01CB9128A00BB23F4 /* DGTabBarController.h */,
				0D5637E11CB9128A00BB23F4 /* DGTabBarController.m */,
				0D8B15DC1CBDCB78001D9AD5 /* PrefixHeader.pch */,
			);
			name = Other;
			sourceTree = "<group>";
		};
		0D9AC4371CBF9DE60080624F /* 首页圆形推荐部分模型 */ = {
			isa = PBXGroup;
			children = (
				0D8B15D41CBBDE06001D9AD5 /* DGHomeRoundModel.h */,
				0D8B15D51CBBDE06001D9AD5 /* DGHomeRoundModel.m */,
				0D9AC4341CBF9AF30080624F /* DGHomeRoundItemModel.h */,
				0D9AC4351CBF9AF30080624F /* DGHomeRoundItemModel.m */,
			);
			name = "首页圆形推荐部分模型";
			sourceTree = "<group>";
		};
		0D9AC4381CBF9E170080624F /* 首页方形推荐部分模型 */ = {
			isa = PBXGroup;
			children = (
				0D9AC42E1CBF8F220080624F /* DGHomeSquareItemModel.h */,
				0D9AC42F1CBF8F220080624F /* DGHomeSquareItemModel.m */,
				0D9AC4311CBF8FBD0080624F /* DGHomeSquareRoomModel.h */,
				0D9AC4321CBF8FBD0080624F /* DGHomeSquareRoomModel.m */,
			);
			name = "首页方形推荐部分模型";
			sourceTree = "<group>";
		};
		0D9AC4391CC097B60080624F /* 首页头部轮播部分模型 */ = {
			isa = PBXGroup;
			children = (
				0D8B15E21CBE2900001D9AD5 /* DGHeadItemModel.h */,
				0D8B15E31CBE2900001D9AD5 /* DGHeadItemModel.m */,
				0D8B15E51CBE2A3D001D9AD5 /* DGHeadRoomModel.h */,
				0D8B15E61CBE2A3D001D9AD5 /* DGHeadRoomModel.m */,
			);
			name = "首页头部轮播部分模型";
			sourceTree = "<group>";
		};
		0D9AC43A1CC0CCE10080624F /* 首页圆形推荐cell */ = {
			isa = PBXGroup;
			children = (
				0D5638891CB9152F00BB23F4 /* DGHomeRoundCell.h */,
				0D56388A1CB9152F00BB23F4 /* DGHomeRoundCell.m */,
			);
			name = "首页圆形推荐cell";
			sourceTree = "<group>";
		};
		0D9AC43B1CC0CCF80080624F /* 首页方形推荐cell */ = {
			isa = PBXGroup;
			children = (
				0D56388C1CB9152F00BB23F4 /* DGHomeSquareCell.h */,
				0D56388D1CB9152F00BB23F4 /* DGHomeSquareCell.m */,
			);
			name = "首页方形推荐cell";
			sourceTree = "<group>";
		};
		0D9AC43C1CC0CD640080624F /* 方形cell子cell */ = {
			isa = PBXGroup;
			children = (
				0D8B15E81CBE3B0A001D9AD5 /* DGHomeLiveViewCell.h */,
				0D8B15E91CBE3B0A001D9AD5 /* DGHomeLiveViewCell.m */,
			);
			name = "方形cell子cell";
			sourceTree = "<group>";
		};
		0D9AC43D1CC0CD8A0080624F /* 圆形cell子cell */ = {
			isa = PBXGroup;
			children = (
				0D8B15D71CBDC2F6001D9AD5 /* DGRoundView.h */,
				0D8B15D81CBDC2F6001D9AD5 /* DGRoundView.m */,
				0D8B15DA1CBDC312001D9AD5 /* DGRoundView.xib */,
			);
			name = "圆形cell子cell";
			sourceTree = "<group>";
		};
		0D9AC4481CC126D70080624F /* 方形分组栏View */ = {
			isa = PBXGroup;
			children = (
				0D9AC4431CC0EA520080624F /* DGSectionHeadView.h */,
				0D9AC4441CC0EA520080624F /* DGSectionHeadView.m */,
				0D9AC4461CC0FDFC0080624F /* DGSectionHeadView.xib */,
			);
			name = "方形分组栏View";
			sourceTree = "<group>";
		};
		0D9AC4581CC4E5BC0080624F /* 首页奇葩分页部分模型 */ = {
			isa = PBXGroup;
			children = (
				0D9AC4521CC239C00080624F /* DGWonderFulModel.h */,
				0D9AC4531CC239C00080624F /* DGWonderFulModel.m */,
			);
			name = "首页奇葩分页部分模型";
			sourceTree = "<group>";
		};
		0D9AC4591CC4E5DF0080624F /* 奇葩分页cell */ = {
			isa = PBXGroup;
			children = (
				0D9AC4551CC3A37B0080624F /* DGWonderfulCell.h */,
				0D9AC4561CC3A37B0080624F /* DGWonderfulCell.m */,
			);
			name = "奇葩分页cell";
			sourceTree = "<group>";
		};
		0DED9C9C1CB5C989002EA021 = {
			isa = PBXGroup;
			children = (
				0DED9CA71CB5C989002EA021 /* DGCars */,
				0DED9CC11CB5C989002EA021 /* DGCarsTests */,
				0DED9CCC1CB5C989002EA021 /* DGCarsUITests */,
				0DED9CA61CB5C989002EA021 /* Products */,
				996F47BB52D271A2621AA346 /* Pods */,
				C1E2B551896CEF91F34E22F8 /* Frameworks */,
			);
			sourceTree = "<group>";
		};
		0DED9CA61CB5C989002EA021 /* Products */ = {
			isa = PBXGroup;
			children = (
				0DED9CA51CB5C989002EA021 /* DGCars.app */,
				0DED9CBE1CB5C989002EA021 /* DGCarsTests.xctest */,
				0DED9CC91CB5C989002EA021 /* DGCarsUITests.xctest */,
			);
			name = Products;
			sourceTree = "<group>";
		};
		0DED9CA71CB5C989002EA021 /* DGCars */ = {
			isa = PBXGroup;
			children = (
				0D5638AC1CB9154D00BB23F4 /* Other */,
				0D5638731CB9152F00BB23F4 /* Class */,
				0D5638651CB914F100BB23F4 /* DGSockets */,
				0D56385A1CB914BB00BB23F4 /* Extension */,
				0DED9CB11CB5C989002EA021 /* Main.storyboard */,
				0DED9CB41CB5C989002EA021 /* Assets.xcassets */,
				0DED9CB61CB5C989002EA021 /* LaunchScreen.storyboard */,
				0DED9CA81CB5C989002EA021 /* Supporting Files */,
			);
			path = DGCars;
			sourceTree = "<group>";
		};
		0DED9CA81CB5C989002EA021 /* Supporting Files */ = {
			isa = PBXGroup;
			children = (
				0DED9CB91CB5C989002EA021 /* Info.plist */,
				0DED9CA91CB5C989002EA021 /* main.m */,
			);
			name = "Supporting Files";
			sourceTree = "<group>";
		};
		0DED9CC11CB5C989002EA021 /* DGCarsTests */ = {
			isa = PBXGroup;
			children = (
				0DED9CC21CB5C989002EA021 /* DGCarsTests.m */,
				0DED9CC41CB5C989002EA021 /* Info.plist */,
			);
			path = DGCarsTests;
			sourceTree = "<group>";
		};
		0DED9CCC1CB5C989002EA021 /* DGCarsUITests */ = {
			isa = PBXGroup;
			children = (
				0DED9CCD1CB5C989002EA021 /* DGCarsUITests.m */,
				0DED9CCF1CB5C989002EA021 /* Info.plist */,
			);
			path = DGCarsUITests;
			sourceTree = "<group>";
		};
		996F47BB52D271A2621AA346 /* Pods */ = {
			isa = PBXGroup;
			children = (
				81FE6B90CBF42E80BC3F0316 /* Pods-DGCars.debug.xcconfig */,
				2959423F70D0EAE654EA977F /* Pods-DGCars.release.xcconfig */,
			);
			name = Pods;
			sourceTree = "<group>";
		};
		C1E2B551896CEF91F34E22F8 /* Frameworks */ = {
			isa = PBXGroup;
			children = (
				867D7D0685C5B9A1E11E8D29 /* libPods-DGCars.a */,
			);
			name = Frameworks;
			sourceTree = "<group>";
		};
/* End PBXGroup section */

/* Begin PBXNativeTarget section */
		0DED9CA41CB5C989002EA021 /* DGCars */ = {
			isa = PBXNativeTarget;
			buildConfigurationList = 0DED9CD21CB5C989002EA021 /* Build configuration list for PBXNativeTarget "DGCars" */;
			buildPhases = (
				F21AB8D700D2C67D8A1A5B74 /* Check Pods Manifest.lock */,
				0DED9CA11CB5C989002EA021 /* Sources */,
				0DED9CA21CB5C989002EA021 /* Frameworks */,
				0DED9CA31CB5C989002EA021 /* Resources */,
				CC56644704F0026CCF691FB6 /* Embed Pods Frameworks */,
				5A9F5C8F47902C0E3402392D /* Copy Pods Resources */,
			);
			buildRules = (
			);
			dependencies = (
			);
			name = DGCars;
			productName = DGCars;
			productReference = 0DED9CA51CB5C989002EA021 /* DGCars.app */;
			productType = "com.apple.product-type.application";
		};
		0DED9CBD1CB5C989002EA021 /* DGCarsTests */ = {
			isa = PBXNativeTarget;
			buildConfigurationList = 0DED9CD51CB5C989002EA021 /* Build configuration list for PBXNativeTarget "DGCarsTests" */;
			buildPhases = (
				0DED9CBA1CB5C989002EA021 /* Sources */,
				0DED9CBB1CB5C989002EA021 /* Frameworks */,
				0DED9CBC1CB5C989002EA021 /* Resources */,
			);
			buildRules = (
			);
			dependencies = (
				0DED9CC01CB5C989002EA021 /* PBXTargetDependency */,
			);
			name = DGCarsTests;
			productName = DGCarsTests;
			productReference = 0DED9CBE1CB5C989002EA021 /* DGCarsTests.xctest */;
			productType = "com.apple.product-type.bundle.unit-test";
		};
		0DED9CC81CB5C989002EA021 /* DGCarsUITests */ = {
			isa = PBXNativeTarget;
			buildConfigurationList = 0DED9CD81CB5C989002EA021 /* Build configuration list for PBXNativeTarget "DGCarsUITests" */;
			buildPhases = (
				0DED9CC51CB5C989002EA021 /* Sources */,
				0DED9CC61CB5C989002EA021 /* Frameworks */,
				0DED9CC71CB5C989002EA021 /* Resources */,
			);
			buildRules = (
			);
			dependencies = (
				0DED9CCB1CB5C989002EA021 /* PBXTargetDependency */,
			);
			name = DGCarsUITests;
			productName = DGCarsUITests;
			productReference = 0DED9CC91CB5C989002EA021 /* DGCarsUITests.xctest */;
			productType = "com.apple.product-type.bundle.ui-testing";
		};
/* End PBXNativeTarget section */

/* Begin PBXProject section */
		0DED9C9D1CB5C989002EA021 /* Project object */ = {
			isa = PBXProject;
			attributes = {
				CLASSPREFIX = DG;
				LastUpgradeCheck = 0720;
				ORGANIZATIONNAME = "米";
				TargetAttributes = {
					0DED9CA41CB5C989002EA021 = {
						CreatedOnToolsVersion = 7.2.1;
						DevelopmentTeam = 3PB5N6R3DE;
					};
					0DED9CBD1CB5C989002EA021 = {
						CreatedOnToolsVersion = 7.2.1;
						DevelopmentTeam = 3PB5N6R3DE;
						TestTargetID = 0DED9CA41CB5C989002EA021;
					};
					0DED9CC81CB5C989002EA021 = {
						CreatedOnToolsVersion = 7.2.1;
						DevelopmentTeam = 3PB5N6R3DE;
						TestTargetID = 0DED9CA41CB5C989002EA021;
					};
				};
			};
			buildConfigurationList = 0DED9CA01CB5C989002EA021 /* Build configuration list for PBXProject "DGCars" */;
			compatibilityVersion = "Xcode 3.2";
			developmentRegion = English;
			hasScannedForEncodings = 0;
			knownRegions = (
				en,
				Base,
			);
			mainGroup = 0DED9C9C1CB5C989002EA021;
			productRefGroup = 0DED9CA61CB5C989002EA021 /* Products */;
			projectDirPath = "";
			projectRoot = "";
			targets = (
				0DED9CA41CB5C989002EA021 /* DGCars */,
				0DED9CBD1CB5C989002EA021 /* DGCarsTests */,
				0DED9CC81CB5C989002EA021 /* DGCarsUITests */,
			);
		};
/* End PBXProject section */

/* Begin PBXResourcesBuildPhase section */
		0DED9CA31CB5C989002EA021 /* Resources */ = {
			isa = PBXResourcesBuildPhase;
			buildActionMask = 2147483647;
			files = (
				0D8B15DB1CBDC312001D9AD5 /* DGRoundView.xib in Resources */,
				0DED9CB81CB5C989002EA021 /* LaunchScreen.storyboard in Resources */,
				0D56389E1CB9152F00BB23F4 /* DGFocusController.xib in Resources */,
				0D9AC4471CC0FDFC0080624F /* DGSectionHeadView.xib in Resources */,
				0D5638AB1CB9152F00BB23F4 /* DGMeController.xib in Resources */,
				0DED9CB51CB5C989002EA021 /* Assets.xcassets in Resources */,
				0DED9CB31CB5C989002EA021 /* Main.storyboard in Resources */,
				0D5638A91CB9152F00BB23F4 /* DGLiveController.xib in Resources */,
			);
			runOnlyForDeploymentPostprocessing = 0;
		};
		0DED9CBC1CB5C989002EA021 /* Resources */ = {
			isa = PBXResourcesBuildPhase;
			buildActionMask = 2147483647;
			files = (
			);
			runOnlyForDeploymentPostprocessing = 0;
		};
		0DED9CC71CB5C989002EA021 /* Resources */ = {
			isa = PBXResourcesBuildPhase;
			buildActionMask = 2147483647;
			files = (
			);
			runOnlyForDeploymentPostprocessing = 0;
		};
/* End PBXResourcesBuildPhase section */

/* Begin PBXShellScriptBuildPhase section */
		5A9F5C8F47902C0E3402392D /* Copy Pods Resources */ = {
			isa = PBXShellScriptBuildPhase;
			buildActionMask = 2147483647;
			files = (
			);
			inputPaths = (
			);
			name = "Copy Pods Resources";
			outputPaths = (
			);
			runOnlyForDeploymentPostprocessing = 0;
			shellPath = /bin/sh;
			shellScript = "\"${SRCROOT}/Pods/Target Support Files/Pods-DGCars/Pods-DGCars-resources.sh\"\n";
			showEnvVarsInLog = 0;
		};
		CC56644704F0026CCF691FB6 /* Embed Pods Frameworks */ = {
			isa = PBXShellScriptBuildPhase;
			buildActionMask = 2147483647;
			files = (
			);
			inputPaths = (
			);
			name = "Embed Pods Frameworks";
			outputPaths = (
			);
			runOnlyForDeploymentPostprocessing = 0;
			shellPath = /bin/sh;
			shellScript = "\"${SRCROOT}/Pods/Target Support Files/Pods-DGCars/Pods-DGCars-frameworks.sh\"\n";
			showEnvVarsInLog = 0;
		};
		F21AB8D700D2C67D8A1A5B74 /* Check Pods Manifest.lock */ = {
			isa = PBXShellScriptBuildPhase;
			buildActionMask = 2147483647;
			files = (
			);
			inputPaths = (
			);
			name = "Check Pods Manifest.lock";
			outputPaths = (
			);
			runOnlyForDeploymentPostprocessing = 0;
			shellPath = /bin/sh;
			shellScript = "diff \"${PODS_ROOT}/../Podfile.lock\" \"${PODS_ROOT}/Manifest.lock\" > /dev/null\nif [[ $? != 0 ]] ; then\n    cat << EOM\nerror: The sandbox is not in sync with the Podfile.lock. Run 'pod install' or update your CocoaPods installation.\nEOM\n    exit 1\nfi\n";
			showEnvVarsInLog = 0;
		};
/* End PBXShellScriptBuildPhase section */

/* Begin PBXSourcesBuildPhase section */
		0DED9CA11CB5C989002EA021 /* Sources */ = {
			isa = PBXSourcesBuildPhase;
			buildActionMask = 2147483647;
			files = (
				0D5638A61CB9152F00BB23F4 /* DGHomeSquareCell.m in Sources */,
				0D8B15E71CBE2A3D001D9AD5 /* DGHeadRoomModel.m in Sources */,
				0D5637DF1CB9124700BB23F4 /* AppDelegate.m in Sources */,
				0D56389D1CB9152F00BB23F4 /* DGFocusController.m in Sources */,
				0D9AC4331CBF8FBD0080624F /* DGHomeSquareRoomModel.m in Sources */,
				0D8B15E41CBE2900001D9AD5 /* DGHeadItemModel.m in Sources */,
				0D8B15EB1CBE3B0A001D9AD5 /* DGHomeLiveViewCell.m in Sources */,
				0D5638A21CB9152F00BB23F4 /* DGrecommendViewController.m in Sources */,
				0D56386F1CB914F100BB23F4 /* DanmuSock.m in Sources */,
				0D56389F1CB9152F00BB23F4 /* DGentertainController.m in Sources */,
				0D5638A01CB9152F00BB23F4 /* DGgameController.m in Sources */,
				0D5638711CB914F100BB23F4 /* BarrageModel.m in Sources */,
				0D5638701CB914F100BB23F4 /* DGSocks.m in Sources */,
				0D5638A11CB9152F00BB23F4 /* DGHomeController.m in Sources */,
				0D9AC45F1CC4E9CE0080624F /* DGHomeGameViewCell.m in Sources */,
				0D5638621CB914BB00BB23F4 /* NSString+Hash.m in Sources */,
				0D8B15D61CBBDE06001D9AD5 /* DGHomeRoundModel.m in Sources */,
				0D9AC4511CC228C10080624F /* DGWonderfulController.m in Sources */,
				0D5638631CB914BB00BB23F4 /* UIBarButtonItem+HKExtension.m in Sources */,
				0D9AC4571CC3A37B0080624F /* DGWonderfulCell.m in Sources */,
				0D5638A81CB9152F00BB23F4 /* DGLiveController.m in Sources */,
				0D9AC4541CC239C00080624F /* DGWonderFulModel.m in Sources */,
				0D9AC4451CC0EA520080624F /* DGSectionHeadView.m in Sources */,
				0D5638A41CB9152F00BB23F4 /* DGHomeRoundCell.m in Sources */,
				0D5638641CB914BB00BB23F4 /* UIView+HKExtension.m in Sources */,
				0D9AC4361CBF9AF30080624F /* DGHomeRoundItemModel.m in Sources */,
				0D9AC45C1CC4E7130080624F /* DGHomeGameCell.m in Sources */,
				0D5638AA1CB9152F00BB23F4 /* DGMeController.m in Sources */,
				0D5638721CB914F100BB23F4 /* chatmsgModel.m in Sources */,
				0DED9CAA1CB5C989002EA021 /* main.m in Sources */,
				0D8B15D91CBDC2F6001D9AD5 /* DGRoundView.m in Sources */,
				0D5637E21CB9128A00BB23F4 /* DGTabBarController.m in Sources */,
				0D9AC4301CBF8F220080624F /* DGHomeSquareItemModel.m in Sources */,
			);
			runOnlyForDeploymentPostprocessing = 0;
		};
		0DED9CBA1CB5C989002EA021 /* Sources */ = {
			isa = PBXSourcesBuildPhase;
			buildActionMask = 2147483647;
			files = (
				0DED9CC31CB5C989002EA021 /* DGCarsTests.m in Sources */,
			);
			runOnlyForDeploymentPostprocessing = 0;
		};
		0DED9CC51CB5C989002EA021 /* Sources */ = {
			isa = PBXSourcesBuildPhase;
			buildActionMask = 2147483647;
			files = (
				0DED9CCE1CB5C989002EA021 /* DGCarsUITests.m in Sources */,
			);
			runOnlyForDeploymentPostprocessing = 0;
		};
/* End PBXSourcesBuildPhase section */

/* Begin PBXTargetDependency section */
		0DED9CC01CB5C989002EA021 /* PBXTargetDependency */ = {
			isa = PBXTargetDependency;
			target = 0DED9CA41CB5C989002EA021 /* DGCars */;
			targetProxy = 0DED9CBF1CB5C989002EA021 /* PBXContainerItemProxy */;
		};
		0DED9CCB1CB5C989002EA021 /* PBXTargetDependency */ = {
			isa = PBXTargetDependency;
			target = 0DED9CA41CB5C989002EA021 /* DGCars */;
			targetProxy = 0DED9CCA1CB5C989002EA021 /* PBXContainerItemProxy */;
		};
/* End PBXTargetDependency section */

/* Begin PBXVariantGroup section */
		0DED9CB11CB5C989002EA021 /* Main.storyboard */ = {
			isa = PBXVariantGroup;
			children = (
				0DED9CB21CB5C989002EA021 /* Base */,
			);
			name = Main.storyboard;
			sourceTree = "<group>";
		};
		0DED9CB61CB5C989002EA021 /* LaunchScreen.storyboard */ = {
			isa = PBXVariantGroup;
			children = (
				0DED9CB71CB5C989002EA021 /* Base */,
			);
			name = LaunchScreen.storyboard;
			sourceTree = "<group>";
		};
/* End PBXVariantGroup section */

/* Begin XCBuildConfiguration section */
		0DED9CD01CB5C989002EA021 /* Debug */ = {
			isa = XCBuildConfiguration;
			buildSettings = {
				ALWAYS_SEARCH_USER_PATHS = NO;
				CLANG_CXX_LANGUAGE_STANDARD = "gnu++0x";
				CLANG_CXX_LIBRARY = "libc++";
				CLANG_ENABLE_MODULES = YES;
				CLANG_ENABLE_OBJC_ARC = YES;
				CLANG_WARN_BOOL_CONVERSION = YES;
				CLANG_WARN_CONSTANT_CONVERSION = YES;
				CLANG_WARN_DIRECT_OBJC_ISA_USAGE = YES_ERROR;
				CLANG_WARN_EMPTY_BODY = YES;
				CLANG_WARN_ENUM_CONVERSION = YES;
				CLANG_WARN_INT_CONVERSION = YES;
				CLANG_WARN_OBJC_ROOT_CLASS = YES_ERROR;
				CLANG_WARN_UNREACHABLE_CODE = YES;
				CLANG_WARN__DUPLICATE_METHOD_MATCH = YES;
				"CODE_SIGN_IDENTITY[sdk=iphoneos*]" = "iPhone Developer";
				COPY_PHASE_STRIP = NO;
				DEBUG_INFORMATION_FORMAT = dwarf;
				ENABLE_STRICT_OBJC_MSGSEND = YES;
				ENABLE_TESTABILITY = YES;
				GCC_C_LANGUAGE_STANDARD = gnu99;
				GCC_DYNAMIC_NO_PIC = NO;
				GCC_NO_COMMON_BLOCKS = YES;
				GCC_OPTIMIZATION_LEVEL = 0;
				GCC_PREPROCESSOR_DEFINITIONS = (
					"DEBUG=1",
					"$(inherited)",
				);
				GCC_WARN_64_TO_32_BIT_CONVERSION = YES;
				GCC_WARN_ABOUT_RETURN_TYPE = YES_ERROR;
				GCC_WARN_UNDECLARED_SELECTOR = YES;
				GCC_WARN_UNINITIALIZED_AUTOS = YES_AGGRESSIVE;
				GCC_WARN_UNUSED_FUNCTION = YES;
				GCC_WARN_UNUSED_VARIABLE = YES;
				IPHONEOS_DEPLOYMENT_TARGET = 9.2;
				MTL_ENABLE_DEBUG_INFO = YES;
				ONLY_ACTIVE_ARCH = YES;
				SDKROOT = iphoneos;
				TARGETED_DEVICE_FAMILY = "1,2";
			};
			name = Debug;
		};
		0DED9CD11CB5C989002EA021 /* Release */ = {
			isa = XCBuildConfiguration;
			buildSettings = {
				ALWAYS_SEARCH_USER_PATHS = NO;
				CLANG_CXX_LANGUAGE_STANDARD = "gnu++0x";
				CLANG_CXX_LIBRARY = "libc++";
				CLANG_ENABLE_MODULES = YES;
				CLANG_ENABLE_OBJC_ARC = YES;
				CLANG_WARN_BOOL_CONVERSION = YES;
				CLANG_WARN_CONSTANT_CONVERSION = YES;
				CLANG_WARN_DIRECT_OBJC_ISA_USAGE = YES_ERROR;
				CLANG_WARN_EMPTY_BODY = YES;
				CLANG_WARN_ENUM_CONVERSION = YES;
				CLANG_WARN_INT_CONVERSION = YES;
				CLANG_WARN_OBJC_ROOT_CLASS = YES_ERROR;
				CLANG_WARN_UNREACHABLE_CODE = YES;
				CLANG_WARN__DUPLICATE_METHOD_MATCH = YES;
				"CODE_SIGN_IDENTITY[sdk=iphoneos*]" = "iPhone Developer";
				COPY_PHASE_STRIP = NO;
				DEBUG_INFORMATION_FORMAT = "dwarf-with-dsym";
				ENABLE_NS_ASSERTIONS = NO;
				ENABLE_STRICT_OBJC_MSGSEND = YES;
				GCC_C_LANGUAGE_STANDARD = gnu99;
				GCC_NO_COMMON_BLOCKS = YES;
				GCC_WARN_64_TO_32_BIT_CONVERSION = YES;
				GCC_WARN_ABOUT_RETURN_TYPE = YES_ERROR;
				GCC_WARN_UNDECLARED_SELECTOR = YES;
				GCC_WARN_UNINITIALIZED_AUTOS = YES_AGGRESSIVE;
				GCC_WARN_UNUSED_FUNCTION = YES;
				GCC_WARN_UNUSED_VARIABLE = YES;
				IPHONEOS_DEPLOYMENT_TARGET = 9.2;
				MTL_ENABLE_DEBUG_INFO = NO;
				SDKROOT = iphoneos;
				TARGETED_DEVICE_FAMILY = "1,2";
				VALIDATE_PRODUCT = YES;
			};
			name = Release;
		};
		0DED9CD31CB5C989002EA021 /* Debug */ = {
			isa = XCBuildConfiguration;
			baseConfigurationReference = 81FE6B90CBF42E80BC3F0316 /* Pods-DGCars.debug.xcconfig */;
			buildSettings = {
				ASSETCATALOG_COMPILER_APPICON_NAME = AppIcon;
				GCC_PREFIX_HEADER = DGCars/PrefixHeader.pch;
				INFOPLIST_FILE = DGCars/Info.plist;
				IPHONEOS_DEPLOYMENT_TARGET = 9.2;
				LD_RUNPATH_SEARCH_PATHS = "$(inherited) @executable_path/Frameworks";
				OTHER_LDFLAGS = (
					"$(inherited)",
					"-ObjC",
					"-l\"CocoaAsyncSocket\"",
					"-framework",
					"\"CFNetwork\"",
					"-framework",
					"\"Security\"",
				);
				PRODUCT_BUNDLE_IDENTIFIER = com.dreamgirls.DGCars;
				PRODUCT_NAME = "$(TARGET_NAME)";
			};
			name = Debug;
		};
		0DED9CD41CB5C989002EA021 /* Release */ = {
			isa = XCBuildConfiguration;
			baseConfigurationReference = 2959423F70D0EAE654EA977F /* Pods-DGCars.release.xcconfig */;
			buildSettings = {
				ASSETCATALOG_COMPILER_APPICON_NAME = AppIcon;
				GCC_PREFIX_HEADER = DGCars/PrefixHeader.pch;
				INFOPLIST_FILE = DGCars/Info.plist;
				IPHONEOS_DEPLOYMENT_TARGET = 9.2;
				LD_RUNPATH_SEARCH_PATHS = "$(inherited) @executable_path/Frameworks";
				OTHER_LDFLAGS = (
					"$(inherited)",
					"-ObjC",
					"-l\"CocoaAsyncSocket\"",
					"-framework",
					"\"CFNetwork\"",
					"-framework",
					"\"Security\"",
				);
				PRODUCT_BUNDLE_IDENTIFIER = com.dreamgirls.DGCars;
				PRODUCT_NAME = "$(TARGET_NAME)";
			};
			name = Release;
		};
		0DED9CD61CB5C989002EA021 /* Debug */ = {
			isa = XCBuildConfiguration;
			buildSettings = {
				BUNDLE_LOADER = "$(TEST_HOST)";
				INFOPLIST_FILE = DGCarsTests/Info.plist;
				LD_RUNPATH_SEARCH_PATHS = "$(inherited) @executable_path/Frameworks @loader_path/Frameworks";
				PRODUCT_BUNDLE_IDENTIFIER = com.dreamgirls.DGCarsTests;
				PRODUCT_NAME = "$(TARGET_NAME)";
				TEST_HOST = "$(BUILT_PRODUCTS_DIR)/DGCars.app/DGCars";
			};
			name = Debug;
		};
		0DED9CD71CB5C989002EA021 /* Release */ = {
			isa = XCBuildConfiguration;
			buildSettings = {
				BUNDLE_LOADER = "$(TEST_HOST)";
				INFOPLIST_FILE = DGCarsTests/Info.plist;
				LD_RUNPATH_SEARCH_PATHS = "$(inherited) @executable_path/Frameworks @loader_path/Frameworks";
				PRODUCT_BUNDLE_IDENTIFIER = com.dreamgirls.DGCarsTests;
				PRODUCT_NAME = "$(TARGET_NAME)";
				TEST_HOST = "$(BUILT_PRODUCTS_DIR)/DGCars.app/DGCars";
			};
			name = Release;
		};
		0DED9CD91CB5C989002EA021 /* Debug */ = {
			isa = XCBuildConfiguration;
			buildSettings = {
				INFOPLIST_FILE = DGCarsUITests/Info.plist;
				LD_RUNPATH_SEARCH_PATHS = "$(inherited) @executable_path/Frameworks @loader_path/Frameworks";
				PRODUCT_BUNDLE_IDENTIFIER = com.dreamgirls.DGCarsUITests;
				PRODUCT_NAME = "$(TARGET_NAME)";
				TEST_TARGET_NAME = DGCars;
				USES_XCTRUNNER = YES;
			};
			name = Debug;
		};
		0DED9CDA1CB5C989002EA021 /* Release */ = {
			isa = XCBuildConfiguration;
			buildSettings = {
				INFOPLIST_FILE = DGCarsUITests/Info.plist;
				LD_RUNPATH_SEARCH_PATHS = "$(inherited) @executable_path/Frameworks @loader_path/Frameworks";
				PRODUCT_BUNDLE_IDENTIFIER = com.dreamgirls.DGCarsUITests;
				PRODUCT_NAME = "$(TARGET_NAME)";
				TEST_TARGET_NAME = DGCars;
				USES_XCTRUNNER = YES;
			};
			name = Release;
		};
/* End XCBuildConfiguration section */

/* Begin XCConfigurationList section */
		0DED9CA01CB5C989002EA021 /* Build configuration list for PBXProject "DGCars" */ = {
			isa = XCConfigurationList;
			buildConfigurations = (
				0DED9CD01CB5C989002EA021 /* Debug */,
				0DED9CD11CB5C989002EA021 /* Release */,
			);
			defaultConfigurationIsVisible = 0;
			defaultConfigurationName = Release;
		};
		0DED9CD21CB5C989002EA021 /* Build configuration list for PBXNativeTarget "DGCars" */ = {
			isa = XCConfigurationList;
			buildConfigurations = (
				0DED9CD31CB5C989002EA021 /* Debug */,
				0DED9CD41CB5C989002EA021 /* Release */,
			);
			defaultConfigurationIsVisible = 0;
			defaultConfigurationName = Release;
		};
		0DED9CD51CB5C989002EA021 /* Build configuration list for PBXNativeTarget "DGCarsTests" */ = {
			isa = XCConfigurationList;
			buildConfigurations = (
				0DED9CD61CB5C989002EA021 /* Debug */,
				0DED9CD71CB5C989002EA021 /* Release */,
			);
			defaultConfigurationIsVisible = 0;
			defaultConfigurationName = Release;
		};
		0DED9CD81CB5C989002EA021 /* Build configuration list for PBXNativeTarget "DGCarsUITests" */ = {
			isa = XCConfigurationList;
			buildConfigurations = (
				0DED9CD91CB5C989002EA021 /* Debug */,
				0DED9CDA1CB5C989002EA021 /* Release */,
			);
			defaultConfigurationIsVisible = 0;
			defaultConfigurationName = Release;
		};
/* End XCConfigurationList section */
	};
	rootObject = 0DED9C9D1CB5C989002EA021 /* Project object */;
}
